
Microsoft Visual Studio Solution File, Format Version 12.00
# Visual Studio 15
VisualStudioVersion = 15.0.28010.2003
MinimumVisualStudioVersion = 10.0.40219.1
Project("{FAE04EC0-301F-11D3-BF4B-00C04F79EFBC}") = "AnyDoWebAPI", "AnyDoWebAPI\AnyDoWebAPI.csproj", "{DD731721-5428-41AD-B787-BFE090F80316}"
EndProject
Project("{FAE04EC0-301F-11D3-BF4B-00C04F79EFBC}") = "AnyDo.ModelData", "AnyDo.ModelData\AnyDo.ModelData.csproj", "{91F2F5C8-7C4E-43F4-8B1F-33ED3DB48F26}"
EndProject
Project("{FAE04EC0-301F-11D3-BF4B-00C04F79EFBC}") = "AnyDo.EnvelopeJson", "AnyDo.EnvelopeJson\AnyDo.EnvelopeJson.csproj", "{AAF286C3-F32D-4BCC-9583-F778A69F4596}"
EndProject
Project("{FAE04EC0-301F-11D3-BF4B-00C04F79EFBC}") = "AnyDo.Business", "AnyDo.Business\AnyDo.Business.csproj", "{D8CAB714-E55A-4B38-B1AA-50CC3966CD02}"
EndProject
Project("{FAE04EC0-301F-11D3-BF4B-00C04F79EFBC}") = "AnyDo.Service", "AnyDo.Service\AnyDo.Service.csproj", "{1EFB4E4F-EE27-4A60-9BA3-9388908BF3C5}"
EndProject
Global
	GlobalSection(SolutionConfigurationPlatforms) = preSolution
		Debug|Any CPU = Debug|Any CPU
		Release|Any CPU = Release|Any CPU
	EndGlobalSection
	GlobalSection(ProjectConfigurationPlatforms) = postSolution
		{DD731721-5428-41AD-B787-BFE090F80316}.Debug|Any CPU.ActiveCfg = Debug|Any CPU
		{DD731721-5428-41AD-B787-BFE090F80316}.Debug|Any CPU.Build.0 = Debug|Any CPU
		{DD731721-5428-41AD-B787-BFE090F80316}.Release|Any CPU.ActiveCfg = Release|Any CPU
		{DD731721-5428-41AD-B787-BFE090F80316}.Release|Any CPU.Build.0 = Release|Any CPU
		{91F2F5C8-7C4E-43F4-8B1F-33ED3DB48F26}.Debug|Any CPU.ActiveCfg = Debug|Any CPU
		{91F2F5C8-7C4E-43F4-8B1F-33ED3DB48F26}.Debug|Any CPU.Build.0 = Debug|Any CPU
		{91F2F5C8-7C4E-43F4-8B1F-33ED3DB48F26}.Release|Any CPU.ActiveCfg = Release|Any CPU
		{91F2F5C8-7C4E-43F4-8B1F-33ED3DB48F26}.Release|Any CPU.Build.0 = Release|Any CPU
		{AAF286C3-F32D-4BCC-9583-F778A69F4596}.Debug|Any CPU.ActiveCfg = Debug|Any CPU
		{AAF286C3-F32D-4BCC-9583-F778A69F4596}.Debug|Any CPU.Build.0 = Debug|Any CPU
		{AAF286C3-F32D-4BCC-9583-F778A69F4596}.Release|Any CPU.ActiveCfg = Release|Any CPU
		{AAF286C3-F32D-4BCC-9583-F778A69F4596}.Release|Any CPU.Build.0 = Release|Any CPU
		{D8CAB714-E55A-4B38-B1AA-50CC3966CD02}.Debug|Any CPU.ActiveCfg = Debug|Any CPU
		{D8CAB714-E55A-4B38-B1AA-50CC3966CD02}.Debug|Any CPU.Build.0 = Debug|Any CPU
		{D8CAB714-E55A-4B38-B1AA-50CC3966CD02}.Release|Any CPU.ActiveCfg = Release|Any CPU
		{D8CAB714-E55A-4B38-B1AA-50CC3966CD02}.Release|Any CPU.Build.0 = Release|Any CPU
		{1EFB4E4F-EE27-4A60-9BA3-9388908BF3C5}.Debug|Any CPU.ActiveCfg = Debug|Any CPU
		{1EFB4E4F-EE27-4A60-9BA3-9388908BF3C5}.Debug|Any CPU.Build.0 = Debug|Any CPU
		{1EFB4E4F-EE27-4A60-9BA3-9388908BF3C5}.Release|Any CPU.ActiveCfg = Release|Any CPU
		{1EFB4E4F-EE27-4A60-9BA3-9388908BF3C5}.Release|Any CPU.Build.0 = Release|Any CPU
	EndGlobalSection
	GlobalSection(SolutionProperties) = preSolution
		HideSolutionNode = FALSE
	EndGlobalSection
	GlobalSection(ExtensibilityGlobals) = postSolution
		SolutionGuid = {7F66E626-1964-4DD9-8A43-D1DC0B3E58A2}
	EndGlobalSection
EndGlobal
